// !$*UTF8*$!
{
	archiveVersion = 1;
	classes = {
	};
	objectVersion = 50;
	objects = {

/* Begin PBXBuildFile section */
		60E14C4C21A4F4BD009C2F71 /* AppDelegate.m in Sources */ = {isa = PBXBuildFile; fileRef = 60E14C4B21A4F4BD009C2F71 /* AppDelegate.m */; };
		60E14C4F21A4F4BD009C2F71 /* ViewController.m in Sources */ = {isa = PBXBuildFile; fileRef = 60E14C4E21A4F4BD009C2F71 /* ViewController.m */; };
		60E14C5221A4F4BD009C2F71 /* Main.storyboard in Resources */ = {isa = PBXBuildFile; fileRef = 60E14C5021A4F4BD009C2F71 /* Main.storyboard */; };
		60E14C5421A4F4BD009C2F71 /* Assets.xcassets in Resources */ = {isa = PBXBuildFile; fileRef = 60E14C5321A4F4BD009C2F71 /* Assets.xcassets */; };
		60E14C5721A4F4BD009C2F71 /* LaunchScreen.storyboard in Resources */ = {isa = PBXBuildFile; fileRef = 60E14C5521A4F4BD009C2F71 /* LaunchScreen.storyboard */; };
		60E14C5A21A4F4BD009C2F71 /* main.m in Sources */ = {isa = PBXBuildFile; fileRef = 60E14C5921A4F4BD009C2F71 /* main.m */; };
		60E14CE521A51B02009C2F71 /* FRUIUtility.m in Sources */ = {isa = PBXBuildFile; fileRef = 60E14CCF21A51B02009C2F71 /* FRUIUtility.m */; };
		60E14CE621A51B02009C2F71 /* FRSign.m in Sources */ = {isa = PBXBuildFile; fileRef = 60E14CD221A51B02009C2F71 /* FRSign.m */; };
		60E14CE721A51B02009C2F71 /* FRActionSheet.m in Sources */ = {isa = PBXBuildFile; fileRef = 60E14CD521A51B02009C2F71 /* FRActionSheet.m */; };
		60E14CE821A51B02009C2F71 /* UIImage+Color.m in Sources */ = {isa = PBXBuildFile; fileRef = 60E14CDC21A51B02009C2F71 /* UIImage+Color.m */; };
		60E14CE921A51B02009C2F71 /* UIWindow+FRWindow.m in Sources */ = {isa = PBXBuildFile; fileRef = 60E14CDF21A51B02009C2F71 /* UIWindow+FRWindow.m */; };
		C1C706C50B1F33DC12F9B6AF /* libPods-FRKit.a in Frameworks */ = {isa = PBXBuildFile; fileRef = 8667631A372C943CB95BF299 /* libPods-FRKit.a */; };
/* End PBXBuildFile section */

/* Begin PBXFileReference section */
		60E14C4721A4F4BD009C2F71 /* FRKit.app */ = {isa = PBXFileReference; explicitFileType = wrapper.application; includeInIndex = 0; path = FRKit.app; sourceTree = BUILT_PRODUCTS_DIR; };
		60E14C4A21A4F4BD009C2F71 /* AppDelegate.h */ = {isa = PBXFileReference; lastKnownFileType = sourcecode.c.h; path = AppDelegate.h; sourceTree = "<group>"; };
		60E14C4B21A4F4BD009C2F71 /* AppDelegate.m */ = {isa = PBXFileReference; lastKnownFileType = sourcecode.c.objc; path = AppDelegate.m; sourceTree = "<group>"; };
		60E14C4D21A4F4BD009C2F71 /* ViewController.h */ = {isa = PBXFileReference; lastKnownFileType = sourcecode.c.h; path = ViewController.h; sourceTree = "<group>"; };
		60E14C4E21A4F4BD009C2F71 /* ViewController.m */ = {isa = PBXFileReference; lastKnownFileType = sourcecode.c.objc; path = ViewController.m; sourceTree = "<group>"; };
		60E14C5121A4F4BD009C2F71 /* Base */ = {isa = PBXFileReference; lastKnownFileType = file.storyboard; name = Base; path = Base.lproj/Main.storyboard; sourceTree = "<group>"; };
		60E14C5321A4F4BD009C2F71 /* Assets.xcassets */ = {isa = PBXFileReference; lastKnownFileType = folder.assetcatalog; path = Assets.xcassets; sourceTree = "<group>"; };
		60E14C5621A4F4BD009C2F71 /* Base */ = {isa = PBXFileReference; lastKnownFileType = file.storyboard; name = Base; path = Base.lproj/LaunchScreen.storyboard; sourceTree = "<group>"; };
		60E14C5821A4F4BD009C2F71 /* Info.plist */ = {isa = PBXFileReference; lastKnownFileType = text.plist.xml; path = Info.plist; sourceTree = "<group>"; };
		60E14C5921A4F4BD009C2F71 /* main.m */ = {isa = PBXFileReference; lastKnownFileType = sourcecode.c.objc; path = main.m; sourceTree = "<group>"; };
		60E14CCF21A51B02009C2F71 /* FRUIUtility.m */ = {isa = PBXFileReference; fileEncoding = 4; lastKnownFileType = sourcecode.c.objc; path = FRUIUtility.m; sourceTree = "<group>"; };
		60E14CD021A51B02009C2F71 /* FRUIUtility.h */ = {isa = PBXFileReference; fileEncoding = 4; lastKnownFileType = sourcecode.c.h; path = FRUIUtility.h; sourceTree = "<group>"; };
		60E14CD221A51B02009C2F71 /* FRSign.m */ = {isa = PBXFileReference; fileEncoding = 4; lastKnownFileType = sourcecode.c.objc; path = FRSign.m; sourceTree = "<group>"; };
		60E14CD321A51B02009C2F71 /* FRSign.h */ = {isa = PBXFileReference; fileEncoding = 4; lastKnownFileType = sourcecode.c.h; path = FRSign.h; sourceTree = "<group>"; };
		60E14CD521A51B02009C2F71 /* FRActionSheet.m */ = {isa = PBXFileReference; fileEncoding = 4; lastKnownFileType = sourcecode.c.objc; path = FRActionSheet.m; sourceTree = "<group>"; };
		60E14CD621A51B02009C2F71 /* FRActionSheet.h */ = {isa = PBXFileReference; fileEncoding = 4; lastKnownFileType = sourcecode.c.h; path = FRActionSheet.h; sourceTree = "<group>"; };
		60E14CD721A51B02009C2F71 /* FRFunctional.h */ = {isa = PBXFileReference; fileEncoding = 4; lastKnownFileType = sourcecode.c.h; path = FRFunctional.h; sourceTree = "<group>"; };
		60E14CDB21A51B02009C2F71 /* UIImage+Color.h */ = {isa = PBXFileReference; fileEncoding = 4; lastKnownFileType = sourcecode.c.h; path = "UIImage+Color.h"; sourceTree = "<group>"; };
		60E14CDC21A51B02009C2F71 /* UIImage+Color.m */ = {isa = PBXFileReference; fileEncoding = 4; lastKnownFileType = sourcecode.c.objc; path = "UIImage+Color.m"; sourceTree = "<group>"; };
		60E14CDE21A51B02009C2F71 /* UIWindow+FRWindow.h */ = {isa = PBXFileReference; fileEncoding = 4; lastKnownFileType = sourcecode.c.h; path = "UIWindow+FRWindow.h"; sourceTree = "<group>"; };
		60E14CDF21A51B02009C2F71 /* UIWindow+FRWindow.m */ = {isa = PBXFileReference; fileEncoding = 4; lastKnownFileType = sourcecode.c.objc; path = "UIWindow+FRWindow.m"; sourceTree = "<group>"; };
		60E14CE021A51B02009C2F71 /* UIKit+FRCategories.h */ = {isa = PBXFileReference; fileEncoding = 4; lastKnownFileType = sourcecode.c.h; path = "UIKit+FRCategories.h"; sourceTree = "<group>"; };
		60E14CE121A51B02009C2F71 /* FRCategories.h */ = {isa = PBXFileReference; fileEncoding = 4; lastKnownFileType = sourcecode.c.h; path = FRCategories.h; sourceTree = "<group>"; };
		60E14CE321A51B02009C2F71 /* FRShortcutMacros.h */ = {isa = PBXFileReference; fileEncoding = 4; lastKnownFileType = sourcecode.c.h; path = FRShortcutMacros.h; sourceTree = "<group>"; };
		60E14CE421A51B02009C2F71 /* FRKit.h */ = {isa = PBXFileReference; fileEncoding = 4; lastKnownFileType = sourcecode.c.h; path = FRKit.h; sourceTree = "<group>"; };
		7B1414B92B14F33BEA23B47F /* Pods-FRKit.debug.xcconfig */ = {isa = PBXFileReference; includeInIndex = 1; lastKnownFileType = text.xcconfig; name = "Pods-FRKit.debug.xcconfig"; path = "Pods/Target Support Files/Pods-FRKit/Pods-FRKit.debug.xcconfig"; sourceTree = "<group>"; };
		8667631A372C943CB95BF299 /* libPods-FRKit.a */ = {isa = PBXFileReference; explicitFileType = archive.ar; includeInIndex = 0; path = "libPods-FRKit.a"; sourceTree = BUILT_PRODUCTS_DIR; };
		9C0FB7EED6C1C2B85715C353 /* Pods-FRKit.release.xcconfig */ = {isa = PBXFileReference; includeInIndex = 1; lastKnownFileType = text.xcconfig; name = "Pods-FRKit.release.xcconfig"; path = "Pods/Target Support Files/Pods-FRKit/Pods-FRKit.release.xcconfig"; sourceTree = "<group>"; };
/* End PBXFileReference section */

/* Begin PBXFrameworksBuildPhase section */
		60E14C4421A4F4BD009C2F71 /* Frameworks */ = {
			isa = PBXFrameworksBuildPhase;
			buildActionMask = 2147483647;
			files = (
				C1C706C50B1F33DC12F9B6AF /* libPods-FRKit.a in Frameworks */,
			);
			runOnlyForDeploymentPostprocessing = 0;
		};
/* End PBXFrameworksBuildPhase section */

/* Begin PBXGroup section */
		0C3B7D6E8ABC6885A76DF65F /* Pods */ = {
			isa = PBXGroup;
			children = (
				7B1414B92B14F33BEA23B47F /* Pods-FRKit.debug.xcconfig */,
				9C0FB7EED6C1C2B85715C353 /* Pods-FRKit.release.xcconfig */,
			);
			name = Pods;
			sourceTree = "<group>";
		};
		60E14C3E21A4F4BD009C2F71 = {
			isa = PBXGroup;
			children = (
				60E14C4921A4F4BD009C2F71 /* FRKit */,
				60E14C4821A4F4BD009C2F71 /* Products */,
				0C3B7D6E8ABC6885A76DF65F /* Pods */,
				BA280E95066A1F91C2A06D4B /* Frameworks */,
			);
			sourceTree = "<group>";
		};
		60E14C4821A4F4BD009C2F71 /* Products */ = {
			isa = PBXGroup;
			children = (
				60E14C4721A4F4BD009C2F71 /* FRKit.app */,
			);
			name = Products;
			sourceTree = "<group>";
		};
		60E14C4921A4F4BD009C2F71 /* FRKit */ = {
			isa = PBXGroup;
			children = (
				60E14CCC21A51B02009C2F71 /* FRKit */,
				60E14C4A21A4F4BD009C2F71 /* AppDelegate.h */,
				60E14C4B21A4F4BD009C2F71 /* AppDelegate.m */,
				60E14C4D21A4F4BD009C2F71 /* ViewController.h */,
				60E14C4E21A4F4BD009C2F71 /* ViewController.m */,
				60E14C5021A4F4BD009C2F71 /* Main.storyboard */,
				60E14C5321A4F4BD009C2F71 /* Assets.xcassets */,
				60E14C5521A4F4BD009C2F71 /* LaunchScreen.storyboard */,
				60E14C5821A4F4BD009C2F71 /* Info.plist */,
				60E14C5921A4F4BD009C2F71 /* main.m */,
			);
			path = FRKit;
			sourceTree = "<group>";
		};
		60E14CCC21A51B02009C2F71 /* FRKit */ = {
			isa = PBXGroup;
			children = (
				60E14CE421A51B02009C2F71 /* FRKit.h */,
				60E14CCD21A51B02009C2F71 /* FRFunctional */,
				60E14CD821A51B02009C2F71 /* FRCategories */,
				60E14CE221A51B02009C2F71 /* FRShortcut */,
			);
			name = FRKit;
			path = ../../FRKit;
			sourceTree = "<group>";
		};
		60E14CCD21A51B02009C2F71 /* FRFunctional */ = {
			isa = PBXGroup;
			children = (
				60E14CCE21A51B02009C2F71 /* FRUIUtitlity */,
				60E14CD121A51B02009C2F71 /* FRSign */,
				60E14CD421A51B02009C2F71 /* FRActionSheet */,
				60E14CD721A51B02009C2F71 /* FRFunctional.h */,
			);
			path = FRFunctional;
			sourceTree = "<group>";
		};
		60E14CCE21A51B02009C2F71 /* FRUIUtitlity */ = {
			isa = PBXGroup;
			children = (
				60E14CCF21A51B02009C2F71 /* FRUIUtility.m */,
				60E14CD021A51B02009C2F71 /* FRUIUtility.h */,
			);
			path = FRUIUtitlity;
			sourceTree = "<group>";
		};
		60E14CD121A51B02009C2F71 /* FRSign */ = {
			isa = PBXGroup;
			children = (
				60E14CD221A51B02009C2F71 /* FRSign.m */,
				60E14CD321A51B02009C2F71 /* FRSign.h */,
			);
			path = FRSign;
			sourceTree = "<group>";
		};
		60E14CD421A51B02009C2F71 /* FRActionSheet */ = {
			isa = PBXGroup;
			children = (
				60E14CD521A51B02009C2F71 /* FRActionSheet.m */,
				60E14CD621A51B02009C2F71 /* FRActionSheet.h */,
			);
			path = FRActionSheet;
			sourceTree = "<group>";
		};
		60E14CD821A51B02009C2F71 /* FRCategories */ = {
			isa = PBXGroup;
			children = (
				60E14CD921A51B02009C2F71 /* UIKit */,
				60E14CE121A51B02009C2F71 /* FRCategories.h */,
			);
			path = FRCategories;
			sourceTree = "<group>";
		};
		60E14CD921A51B02009C2F71 /* UIKit */ = {
			isa = PBXGroup;
			children = (
				60E14CDA21A51B02009C2F71 /* UIImage */,
				60E14CDD21A51B02009C2F71 /* UIWindow */,
				60E14CE021A51B02009C2F71 /* UIKit+FRCategories.h */,
			);
			path = UIKit;
			sourceTree = "<group>";
		};
		60E14CDA21A51B02009C2F71 /* UIImage */ = {
			isa = PBXGroup;
			children = (
				60E14CDB21A51B02009C2F71 /* UIImage+Color.h */,
				60E14CDC21A51B02009C2F71 /* UIImage+Color.m */,
			);
			path = UIImage;
			sourceTree = "<group>";
		};
		60E14CDD21A51B02009C2F71 /* UIWindow */ = {
			isa = PBXGroup;
			children = (
				60E14CDE21A51B02009C2F71 /* UIWindow+FRWindow.h */,
				60E14CDF21A51B02009C2F71 /* UIWindow+FRWindow.m */,
			);
			path = UIWindow;
			sourceTree = "<group>";
		};
		60E14CE221A51B02009C2F71 /* FRShortcut */ = {
			isa = PBXGroup;
			children = (
				60E14CE321A51B02009C2F71 /* FRShortcutMacros.h */,
			);
			path = FRShortcut;
			sourceTree = "<group>";
		};
		BA280E95066A1F91C2A06D4B /* Frameworks */ = {
			isa = PBXGroup;
			children = (
				8667631A372C943CB95BF299 /* libPods-FRKit.a */,
			);
			name = Frameworks;
			sourceTree = "<group>";
		};
/* End PBXGroup section */

/* Begin PBXNativeTarget section */
		60E14C4621A4F4BD009C2F71 /* FRKit */ = {
			isa = PBXNativeTarget;
			buildConfigurationList = 60E14C5D21A4F4BD009C2F71 /* Build configuration list for PBXNativeTarget "FRKit" */;
			buildPhases = (
				36ED26E50D8C66FF81C9F805 /* [CP] Check Pods Manifest.lock */,
				60E14C4321A4F4BD009C2F71 /* Sources */,
				60E14C4421A4F4BD009C2F71 /* Frameworks */,
				60E14C4521A4F4BD009C2F71 /* Resources */,
			);
			buildRules = (
			);
			dependencies = (
			);
			name = FRKit;
			productName = FRKit;
			productReference = 60E14C4721A4F4BD009C2F71 /* FRKit.app */;
			productType = "com.apple.product-type.application";
		};
/* End PBXNativeTarget section */

/* Begin PBXProject section */
		60E14C3F21A4F4BD009C2F71 /* Project object */ = {
			isa = PBXProject;
			attributes = {
				LastUpgradeCheck = 1010;
				ORGANIZATIONNAME = "黄小华";
				TargetAttributes = {
					60E14C4621A4F4BD009C2F71 = {
						CreatedOnToolsVersion = 10.1;
					};
				};
			};
			buildConfigurationList = 60E14C4221A4F4BD009C2F71 /* Build configuration list for PBXProject "FRKit" */;
			compatibilityVersion = "Xcode 9.3";
			developmentRegion = en;
			hasScannedForEncodings = 0;
			knownRegions = (
				en,
				Base,
			);
			mainGroup = 60E14C3E21A4F4BD009C2F71;
			productRefGroup = 60E14C4821A4F4BD009C2F71 /* Products */;
			projectDirPath = "";
			projectRoot = "";
			targets = (
				60E14C4621A4F4BD009C2F71 /* FRKit */,
			);
		};
/* End PBXProject section */

/* Begin PBXResourcesBuildPhase section */
		60E14C4521A4F4BD009C2F71 /* Resources */ = {
			isa = PBXResourcesBuildPhase;
			buildActionMask = 2147483647;
			files = (
				60E14C5721A4F4BD009C2F71 /* LaunchScreen.storyboard in Resources */,
				60E14C5421A4F4BD009C2F71 /* Assets.xcassets in Resources */,
				60E14C5221A4F4BD009C2F71 /* Main.storyboard in Resources */,
			);
			runOnlyForDeploymentPostprocessing = 0;
		};
/* End PBXResourcesBuildPhase section */

/* Begin PBXShellScriptBuildPhase section */
		36ED26E50D8C66FF81C9F805 /* [CP] Check Pods Manifest.lock */ = {
			isa = PBXShellScriptBuildPhase;
			buildActionMask = 2147483647;
			files = (
			);
			inputPaths = (
				"${PODS_PODFILE_DIR_PATH}/Podfile.lock",
				"${PODS_ROOT}/Manifest.lock",
			);
			name = "[CP] Check Pods Manifest.lock";
			outputPaths = (
				"$(DERIVED_FILE_DIR)/Pods-FRKit-checkManifestLockResult.txt",
			);
			runOnlyForDeploymentPostprocessing = 0;
			shellPath = /bin/sh;
			shellScript = "diff \"${PODS_PODFILE_DIR_PATH}/Podfile.lock\" \"${PODS_ROOT}/Manifest.lock\" > /dev/null\nif [ $? != 0 ] ; then\n    # print error to STDERR\n    echo \"error: The sandbox is not in sync with the Podfile.lock. Run 'pod install' or update your CocoaPods installation.\" >&2\n    exit 1\nfi\n# This output is used by Xcode 'outputs' to avoid re-running this script phase.\necho \"SUCCESS\" > \"${SCRIPT_OUTPUT_FILE_0}\"\n";
			showEnvVarsInLog = 0;
		};
/* End PBXShellScriptBuildPhase section */

/* Begin PBXSourcesBuildPhase section */
		60E14C4321A4F4BD009C2F71 /* Sources */ = {
			isa = PBXSourcesBuildPhase;
			buildActionMask = 2147483647;
			files = (
				60E14C4F21A4F4BD009C2F71 /* ViewController.m in Sources */,
				60E14C5A21A4F4BD009C2F71 /* main.m in Sources */,
				60E14CE821A51B02009C2F71 /* UIImage+Color.m in Sources */,
				60E14CE521A51B02009C2F71 /* FRUIUtility.m in Sources */,
				60E14C4C21A4F4BD009C2F71 /* AppDelegate.m in Sources */,
				60E14CE621A51B02009C2F71 /* FRSign.m in Sources */,
				60E14CE721A51B02009C2F71 /* FRActionSheet.m in Sources */,
				60E14CE921A51B02009C2F71 /* UIWindow+FRWindow.m in Sources */,
			);
			runOnlyForDeploymentPostprocessing = 0;
		};
/* End PBXSourcesBuildPhase section */

/* Begin PBXVariantGroup section */
		60E14C5021A4F4BD009C2F71 /* Main.storyboard */ = {
			isa = PBXVariantGroup;
			children = (
				60E14C5121A4F4BD009C2F71 /* Base */,
			);
			name = Main.storyboard;
			sourceTree = "<group>";
		};
		60E14C5521A4F4BD009C2F71 /* LaunchScreen.storyboard */ = {
			isa = PBXVariantGroup;
			children = (
				60E14C5621A4F4BD009C2F71 /* Base */,
			);
			name = LaunchScreen.storyboard;
			sourceTree = "<group>";
		};
/* End PBXVariantGroup section */

/* Begin XCBuildConfiguration section */
		60E14C5B21A4F4BD009C2F71 /* Debug */ = {
			isa = XCBuildConfiguration;
			buildSettings = {
				ALWAYS_SEARCH_USER_PATHS = NO;
				CLANG_ANALYZER_NONNULL = YES;
				CLANG_ANALYZER_NUMBER_OBJECT_CONVERSION = YES_AGGRESSIVE;
				CLANG_CXX_LANGUAGE_STANDARD = "gnu++14";
				CLANG_CXX_LIBRARY = "libc++";
				CLANG_ENABLE_MODULES = YES;
				CLANG_ENABLE_OBJC_ARC = YES;
				CLANG_ENABLE_OBJC_WEAK = YES;
				CLANG_WARN_BLOCK_CAPTURE_AUTORELEASING = YES;
				CLANG_WARN_BOOL_CONVERSION = YES;
				CLANG_WARN_COMMA = YES;
				CLANG_WARN_CONSTANT_CONVERSION = YES;
				CLANG_WARN_DEPRECATED_OBJC_IMPLEMENTATIONS = YES;
				CLANG_WARN_DIRECT_OBJC_ISA_USAGE = YES_ERROR;
				CLANG_WARN_DOCUMENTATION_COMMENTS = YES;
				CLANG_WARN_EMPTY_BODY = YES;
				CLANG_WARN_ENUM_CONVERSION = YES;
				CLANG_WARN_INFINITE_RECURSION = YES;
				CLANG_WARN_INT_CONVERSION = YES;
				CLANG_WARN_NON_LITERAL_NULL_CONVERSION = YES;
				CLANG_WARN_OBJC_IMPLICIT_RETAIN_SELF = YES;
				CLANG_WARN_OBJC_LITERAL_CONVERSION = YES;
				CLANG_WARN_OBJC_ROOT_CLASS = YES_ERROR;
				CLANG_WARN_RANGE_LOOP_ANALYSIS = YES;
				CLANG_WARN_STRICT_PROTOTYPES = YES;
				CLANG_WARN_SUSPICIOUS_MOVE = YES;
				CLANG_WARN_UNGUARDED_AVAILABILITY = YES_AGGRESSIVE;
				CLANG_WARN_UNREACHABLE_CODE = YES;
				CLANG_WARN__DUPLICATE_METHOD_MATCH = YES;
				CODE_SIGN_IDENTITY = "iPhone Developer";
				COPY_PHASE_STRIP = NO;
				DEBUG_INFORMATION_FORMAT = dwarf;
				ENABLE_STRICT_OBJC_MSGSEND = YES;
				ENABLE_TESTABILITY = YES;
				GCC_C_LANGUAGE_STANDARD = gnu11;
				GCC_DYNAMIC_NO_PIC = NO;
				GCC_NO_COMMON_BLOCKS = YES;
				GCC_OPTIMIZATION_LEVEL = 0;
				GCC_PREPROCESSOR_DEFINITIONS = (
					"DEBUG=1",
					"$(inherited)",
				);
				GCC_WARN_64_TO_32_BIT_CONVERSION = YES;
				GCC_WARN_ABOUT_RETURN_TYPE = YES_ERROR;
				GCC_WARN_UNDECLARED_SELECTOR = YES;
				GCC_WARN_UNINITIALIZED_AUTOS = YES_AGGRESSIVE;
				GCC_WARN_UNUSED_FUNCTION = YES;
				GCC_WARN_UNUSED_VARIABLE = YES;
				IPHONEOS_DEPLOYMENT_TARGET = 12.1;
				MTL_ENABLE_DEBUG_INFO = INCLUDE_SOURCE;
				MTL_FAST_MATH = YES;
				ONLY_ACTIVE_ARCH = YES;
				SDKROOT = iphoneos;
			};
			name = Debug;
		};
		60E14C5C21A4F4BD009C2F71 /* Release */ = {
			isa = XCBuildConfiguration;
			buildSettings = {
				ALWAYS_SEARCH_USER_PATHS = NO;
				CLANG_ANALYZER_NONNULL = YES;
				CLANG_ANALYZER_NUMBER_OBJECT_CONVERSION = YES_AGGRESSIVE;
				CLANG_CXX_LANGUAGE_STANDARD = "gnu++14";
				CLANG_CXX_LIBRARY = "libc++";
				CLANG_ENABLE_MODULES = YES;
				CLANG_ENABLE_OBJC_ARC = YES;
				CLANG_ENABLE_OBJC_WEAK = YES;
				CLANG_WARN_BLOCK_CAPTURE_AUTORELEASING = YES;
				CLANG_WARN_BOOL_CONVERSION = YES;
				CLANG_WARN_COMMA = YES;
				CLANG_WARN_CONSTANT_CONVERSION = YES;
				CLANG_WARN_DEPRECATED_OBJC_IMPLEMENTATIONS = YES;
				CLANG_WARN_DIRECT_OBJC_ISA_USAGE = YES_ERROR;
				CLANG_WARN_DOCUMENTATION_COMMENTS = YES;
				CLANG_WARN_EMPTY_BODY = YES;
				CLANG_WARN_ENUM_CONVERSION = YES;
				CLANG_WARN_INFINITE_RECURSION = YES;
				CLANG_WARN_INT_CONVERSION = YES;
				CLANG_WARN_NON_LITERAL_NULL_CONVERSION = YES;
				CLANG_WARN_OBJC_IMPLICIT_RETAIN_SELF = YES;
				CLANG_WARN_OBJC_LITERAL_CONVERSION = YES;
				CLANG_WARN_OBJC_ROOT_CLASS = YES_ERROR;
				CLANG_WARN_RANGE_LOOP_ANALYSIS = YES;
				CLANG_WARN_STRICT_PROTOTYPES = YES;
				CLANG_WARN_SUSPICIOUS_MOVE = YES;
				CLANG_WARN_UNGUARDED_AVAILABILITY = YES_AGGRESSIVE;
				CLANG_WARN_UNREACHABLE_CODE = YES;
				CLANG_WARN__DUPLICATE_METHOD_MATCH = YES;
				CODE_SIGN_IDENTITY = "iPhone Developer";
				COPY_PHASE_STRIP = NO;
				DEBUG_INFORMATION_FORMAT = "dwarf-with-dsym";
				ENABLE_NS_ASSERTIONS = NO;
				ENABLE_STRICT_OBJC_MSGSEND = YES;
				GCC_C_LANGUAGE_STANDARD = gnu11;
				GCC_NO_COMMON_BLOCKS = YES;
				GCC_WARN_64_TO_32_BIT_CONVERSION = YES;
				GCC_WARN_ABOUT_RETURN_TYPE = YES_ERROR;
				GCC_WARN_UNDECLARED_SELECTOR = YES;
				GCC_WARN_UNINITIALIZED_AUTOS = YES_AGGRESSIVE;
				GCC_WARN_UNUSED_FUNCTION = YES;
				GCC_WARN_UNUSED_VARIABLE = YES;
				IPHONEOS_DEPLOYMENT_TARGET = 12.1;
				MTL_ENABLE_DEBUG_INFO = NO;
				MTL_FAST_MATH = YES;
				SDKROOT = iphoneos;
				VALIDATE_PRODUCT = YES;
			};
			name = Release;
		};
		60E14C5E21A4F4BD009C2F71 /* Debug */ = {
			isa = XCBuildConfiguration;
			baseConfigurationReference = 7B1414B92B14F33BEA23B47F /* Pods-FRKit.debug.xcconfig */;
			buildSettings = {
				ASSETCATALOG_COMPILER_APPICON_NAME = AppIcon;
				CODE_SIGN_STYLE = Automatic;
				INFOPLIST_FILE = FRKit/Info.plist;
				LD_RUNPATH_SEARCH_PATHS = (
					"$(inherited)",
					"@executable_path/Frameworks",
				);
				PRODUCT_BUNDLE_IDENTIFIER = huangxiaohua.FRKit;
				PRODUCT_NAME = "$(TARGET_NAME)";
				TARGETED_DEVICE_FAMILY = "1,2";
			};
			name = Debug;
		};
		60E14C5F21A4F4BD009C2F71 /* Release */ = {
			isa = XCBuildConfiguration;
			baseConfigurationReference = 9C0FB7EED6C1C2B85715C353 /* Pods-FRKit.release.xcconfig */;
			buildSettings = {
				ASSETCATALOG_COMPILER_APPICON_NAME = AppIcon;
				CODE_SIGN_STYLE = Automatic;
				INFOPLIST_FILE = FRKit/Info.plist;
				LD_RUNPATH_SEARCH_PATHS = (
					"$(inherited)",
					"@executable_path/Frameworks",
				);
				PRODUCT_BUNDLE_IDENTIFIER = huangxiaohua.FRKit;
				PRODUCT_NAME = "$(TARGET_NAME)";
				TARGETED_DEVICE_FAMILY = "1,2";
			};
			name = Release;
		};
/* End XCBuildConfiguration section */

/* Begin XCConfigurationList section */
		60E14C4221A4F4BD009C2F71 /* Build configuration list for PBXProject "FRKit" */ = {
			isa = XCConfigurationList;
			buildConfigurations = (
				60E14C5B21A4F4BD009C2F71 /* Debug */,
				60E14C5C21A4F4BD009C2F71 /* Release */,
			);
			defaultConfigurationIsVisible = 0;
			defaultConfigurationName = Release;
		};
		60E14C5D21A4F4BD009C2F71 /* Build configuration list for PBXNativeTarget "FRKit" */ = {
			isa = XCConfigurationList;
			buildConfigurations = (
				60E14C5E21A4F4BD009C2F71 /* Debug */,
				60E14C5F21A4F4BD009C2F71 /* Release */,
			);
			defaultConfigurationIsVisible = 0;
			defaultConfigurationName = Release;
		};
/* End XCConfigurationList section */
	};
	rootObject = 60E14C3F21A4F4BD009C2F71 /* Project object */;
}
